
Microsoft Visual Studio Solution File, Format Version 12.00
# Visual Studio Version 17
VisualStudioVersion = 17.8.34330.188
MinimumVisualStudioVersion = 10.0.40219.1
Project("{FAE04EC0-301F-11D3-BF4B-00C04F79EFBC}") = "Ogechi_Ikediashi-PROG8051_Virtual-Pet-Simulator", "Ogechi_Ikediashi-PROG8051_Virtual-Pet-Simulator\Ogechi_Ikediashi-PROG8051_Virtual-Pet-Simulator.csproj", "{24CDCAC4-A7A4-4B5F-9279-B3779B443E0C}"
EndProject
Global
	GlobalSection(SolutionConfigurationPlatforms) = preSolution
		Debug|Any CPU = Debug|Any CPU
		Release|Any CPU = Release|Any CPU
	EndGlobalSection
	GlobalSection(ProjectConfigurationPlatforms) = postSolution
		{24CDCAC4-A7A4-4B5F-9279-B3779B443E0C}.Debug|Any CPU.ActiveCfg = Debug|Any CPU
		{24CDCAC4-A7A4-4B5F-9279-B3779B443E0C}.Debug|Any CPU.Build.0 = Debug|Any CPU
		{24CDCAC4-A7A4-4B5F-9279-B3779B443E0C}.Release|Any CPU.ActiveCfg = Release|Any CPU
		{24CDCAC4-A7A4-4B5F-9279-B3779B443E0C}.Release|Any CPU.Build.0 = Release|Any CPU
	EndGlobalSection
	GlobalSection(SolutionProperties) = preSolution
		HideSolutionNode = FALSE
	EndGlobalSection
	GlobalSection(ExtensibilityGlobals) = postSolution
		SolutionGuid = {C1F180E8-7AD5-4F5C-8E77-AD4633203D27}
	EndGlobalSection
EndGlobal
